
Microsoft Visual Studio Solution File, Format Version 12.00
# Visual Studio Version 17
VisualStudioVersion = 17.3.32929.385
MinimumVisualStudioVersion = 10.0.40219.1
Project("{9A19103F-16F7-4668-BE54-9A1E7A4F7556}") = "ESourcing.Products", "ESourcing.Products\ESourcing.Products.csproj", "{787C300C-558D-4EF3-A075-89EF3C965196}"
EndProject
Project("{2150E333-8FDC-42A3-9474-1A3956D46DE8}") = "src", "src", "{040570BE-D322-475F-827E-E0B087BCF59F}"
EndProject
Project("{2150E333-8FDC-42A3-9474-1A3956D46DE8}") = "Services", "Services", "{B81A0397-575D-419E-B338-C1CA8D307936}"
EndProject
Project("{2150E333-8FDC-42A3-9474-1A3956D46DE8}") = "Products", "Products", "{BB0C4725-D39E-4710-8B38-2FF49865D4C2}"
EndProject
Project("{2150E333-8FDC-42A3-9474-1A3956D46DE8}") = "WebApp", "WebApp", "{9974C49A-F177-425D-8BC2-AA0CBFDEE19B}"
EndProject
Project("{2150E333-8FDC-42A3-9474-1A3956D46DE8}") = "ApiGateway", "ApiGateway", "{BD00C02C-CE8B-4838-A437-7876BE1EB953}"
EndProject
Project("{2150E333-8FDC-42A3-9474-1A3956D46DE8}") = "Sourcing", "Sourcing", "{ABBA16D0-D324-422E-8700-5D7D99D72C6E}"
EndProject
Project("{2150E333-8FDC-42A3-9474-1A3956D46DE8}") = "Common", "Common", "{B201CB80-8FAC-4051-A381-9AC54FD9722A}"
EndProject
Project("{2150E333-8FDC-42A3-9474-1A3956D46DE8}") = "Order", "Order", "{D0FC3F55-F19D-42BA-8120-96ED5B378534}"
EndProject
Global
	GlobalSection(SolutionConfigurationPlatforms) = preSolution
		Debug|Any CPU = Debug|Any CPU
		Release|Any CPU = Release|Any CPU
	EndGlobalSection
	GlobalSection(ProjectConfigurationPlatforms) = postSolution
		{787C300C-558D-4EF3-A075-89EF3C965196}.Debug|Any CPU.ActiveCfg = Debug|Any CPU
		{787C300C-558D-4EF3-A075-89EF3C965196}.Debug|Any CPU.Build.0 = Debug|Any CPU
		{787C300C-558D-4EF3-A075-89EF3C965196}.Release|Any CPU.ActiveCfg = Release|Any CPU
		{787C300C-558D-4EF3-A075-89EF3C965196}.Release|Any CPU.Build.0 = Release|Any CPU
	EndGlobalSection
	GlobalSection(SolutionProperties) = preSolution
		HideSolutionNode = FALSE
	EndGlobalSection
	GlobalSection(NestedProjects) = preSolution
		{787C300C-558D-4EF3-A075-89EF3C965196} = {BB0C4725-D39E-4710-8B38-2FF49865D4C2}
		{B81A0397-575D-419E-B338-C1CA8D307936} = {040570BE-D322-475F-827E-E0B087BCF59F}
		{BB0C4725-D39E-4710-8B38-2FF49865D4C2} = {B81A0397-575D-419E-B338-C1CA8D307936}
		{9974C49A-F177-425D-8BC2-AA0CBFDEE19B} = {040570BE-D322-475F-827E-E0B087BCF59F}
		{BD00C02C-CE8B-4838-A437-7876BE1EB953} = {040570BE-D322-475F-827E-E0B087BCF59F}
		{ABBA16D0-D324-422E-8700-5D7D99D72C6E} = {B81A0397-575D-419E-B338-C1CA8D307936}
		{B201CB80-8FAC-4051-A381-9AC54FD9722A} = {B81A0397-575D-419E-B338-C1CA8D307936}
		{D0FC3F55-F19D-42BA-8120-96ED5B378534} = {B81A0397-575D-419E-B338-C1CA8D307936}
	EndGlobalSection
	GlobalSection(ExtensibilityGlobals) = postSolution
		SolutionGuid = {6687F798-4C7B-4BE3-9243-5CAA31972BF3}
	EndGlobalSection
EndGlobal
